
Microsoft Visual Studio Solution File, Format Version 12.00
Project("{FAE04EC0-301F-11D3-BF4B-00C04F79EFBC}") = "Domain", "src\Domain\Domain.csproj", "{6C2FC9A9-B681-4CBF-95E8-8D1C6DB06279}"
EndProject
Project("{FAE04EC0-301F-11D3-BF4B-00C04F79EFBC}") = "Application", "src\Application\Application.csproj", "{75C4B794-8222-443D-B68A-753278BB8C09}"
EndProject
Project("{FAE04EC0-301F-11D3-BF4B-00C04F79EFBC}") = "Infrastructure", "src\Infrastructure\Infrastructure.csproj", "{049FA3F6-0D6A-44CC-93BD-0A304C79DF9F}"
EndProject
Project("{FAE04EC0-301F-11D3-BF4B-00C04F79EFBC}") = "WebAPI", "src\WebAPI\WebAPI.csproj", "{26C20B10-B151-4CB7-B135-56E6A30A0F76}"
EndProject
Project("{2150E333-8FDC-42A3-9474-1A3956D46DE8}") = "src", "src", "{0B245935-C970-4EB5-B830-FCDF23566D0E}"
EndProject
Project("{2150E333-8FDC-42A3-9474-1A3956D46DE8}") = "tests", "tests", "{F15133E8-C4DF-4C53-BEE8-FB74C7BC1E08}"
EndProject
Project("{FAE04EC0-301F-11D3-BF4B-00C04F79EFBC}") = "Application.IntegrationTests", "tests\Application.IntegrationTests\Application.IntegrationTests.csproj", "{AF6EAF3C-14B2-492F-9F8F-60691C9E4460}"
EndProject
Project("{FAE04EC0-301F-11D3-BF4B-00C04F79EFBC}") = "WebApp", "src\WebApp\WebApp.csproj", "{A31AAD4A-E67A-4AF0-BBB4-A96AE7C0262F}"
EndProject
Project("{FAE04EC0-301F-11D3-BF4B-00C04F79EFBC}") = "Application.UnitTests", "tests\Application.UnitTests\Application.UnitTests.csproj", "{0F3DA009-727F-49F3-AAC2-B9B07627EAF1}"
EndProject
Project("{FAE04EC0-301F-11D3-BF4B-00C04F79EFBC}") = "Domain.UnitTests", "tests\Domain.UnitTests\Domain.UnitTests.csproj", "{1A99144D-4CF5-438E-9C48-B9C535D9AFA8}"
EndProject
Global
	GlobalSection(SolutionConfigurationPlatforms) = preSolution
		Debug|Any CPU = Debug|Any CPU
		Release|Any CPU = Release|Any CPU
	EndGlobalSection
	GlobalSection(ProjectConfigurationPlatforms) = postSolution
		{6C2FC9A9-B681-4CBF-95E8-8D1C6DB06279}.Debug|Any CPU.ActiveCfg = Debug|Any CPU
		{6C2FC9A9-B681-4CBF-95E8-8D1C6DB06279}.Debug|Any CPU.Build.0 = Debug|Any CPU
		{6C2FC9A9-B681-4CBF-95E8-8D1C6DB06279}.Release|Any CPU.ActiveCfg = Release|Any CPU
		{6C2FC9A9-B681-4CBF-95E8-8D1C6DB06279}.Release|Any CPU.Build.0 = Release|Any CPU
		{75C4B794-8222-443D-B68A-753278BB8C09}.Debug|Any CPU.ActiveCfg = Debug|Any CPU
		{75C4B794-8222-443D-B68A-753278BB8C09}.Debug|Any CPU.Build.0 = Debug|Any CPU
		{75C4B794-8222-443D-B68A-753278BB8C09}.Release|Any CPU.ActiveCfg = Release|Any CPU
		{75C4B794-8222-443D-B68A-753278BB8C09}.Release|Any CPU.Build.0 = Release|Any CPU
		{049FA3F6-0D6A-44CC-93BD-0A304C79DF9F}.Debug|Any CPU.ActiveCfg = Debug|Any CPU
		{049FA3F6-0D6A-44CC-93BD-0A304C79DF9F}.Debug|Any CPU.Build.0 = Debug|Any CPU
		{049FA3F6-0D6A-44CC-93BD-0A304C79DF9F}.Release|Any CPU.ActiveCfg = Release|Any CPU
		{049FA3F6-0D6A-44CC-93BD-0A304C79DF9F}.Release|Any CPU.Build.0 = Release|Any CPU
		{26C20B10-B151-4CB7-B135-56E6A30A0F76}.Debug|Any CPU.ActiveCfg = Debug|Any CPU
		{26C20B10-B151-4CB7-B135-56E6A30A0F76}.Debug|Any CPU.Build.0 = Debug|Any CPU
		{26C20B10-B151-4CB7-B135-56E6A30A0F76}.Release|Any CPU.ActiveCfg = Release|Any CPU
		{26C20B10-B151-4CB7-B135-56E6A30A0F76}.Release|Any CPU.Build.0 = Release|Any CPU
		{AF6EAF3C-14B2-492F-9F8F-60691C9E4460}.Debug|Any CPU.ActiveCfg = Debug|Any CPU
		{AF6EAF3C-14B2-492F-9F8F-60691C9E4460}.Debug|Any CPU.Build.0 = Debug|Any CPU
		{AF6EAF3C-14B2-492F-9F8F-60691C9E4460}.Release|Any CPU.ActiveCfg = Release|Any CPU
		{AF6EAF3C-14B2-492F-9F8F-60691C9E4460}.Release|Any CPU.Build.0 = Release|Any CPU
		{A31AAD4A-E67A-4AF0-BBB4-A96AE7C0262F}.Debug|Any CPU.ActiveCfg = Debug|Any CPU
		{A31AAD4A-E67A-4AF0-BBB4-A96AE7C0262F}.Debug|Any CPU.Build.0 = Debug|Any CPU
		{A31AAD4A-E67A-4AF0-BBB4-A96AE7C0262F}.Release|Any CPU.ActiveCfg = Release|Any CPU
		{A31AAD4A-E67A-4AF0-BBB4-A96AE7C0262F}.Release|Any CPU.Build.0 = Release|Any CPU
		{0F3DA009-727F-49F3-AAC2-B9B07627EAF1}.Debug|Any CPU.ActiveCfg = Debug|Any CPU
		{0F3DA009-727F-49F3-AAC2-B9B07627EAF1}.Debug|Any CPU.Build.0 = Debug|Any CPU
		{0F3DA009-727F-49F3-AAC2-B9B07627EAF1}.Release|Any CPU.ActiveCfg = Release|Any CPU
		{0F3DA009-727F-49F3-AAC2-B9B07627EAF1}.Release|Any CPU.Build.0 = Release|Any CPU
		{1A99144D-4CF5-438E-9C48-B9C535D9AFA8}.Debug|Any CPU.ActiveCfg = Debug|Any CPU
		{1A99144D-4CF5-438E-9C48-B9C535D9AFA8}.Debug|Any CPU.Build.0 = Debug|Any CPU
		{1A99144D-4CF5-438E-9C48-B9C535D9AFA8}.Release|Any CPU.ActiveCfg = Release|Any CPU
		{1A99144D-4CF5-438E-9C48-B9C535D9AFA8}.Release|Any CPU.Build.0 = Release|Any CPU
	EndGlobalSection
	GlobalSection(NestedProjects) = preSolution
		{75C4B794-8222-443D-B68A-753278BB8C09} = {0B245935-C970-4EB5-B830-FCDF23566D0E}
		{6C2FC9A9-B681-4CBF-95E8-8D1C6DB06279} = {0B245935-C970-4EB5-B830-FCDF23566D0E}
		{049FA3F6-0D6A-44CC-93BD-0A304C79DF9F} = {0B245935-C970-4EB5-B830-FCDF23566D0E}
		{26C20B10-B151-4CB7-B135-56E6A30A0F76} = {0B245935-C970-4EB5-B830-FCDF23566D0E}
		{AF6EAF3C-14B2-492F-9F8F-60691C9E4460} = {F15133E8-C4DF-4C53-BEE8-FB74C7BC1E08}
		{A31AAD4A-E67A-4AF0-BBB4-A96AE7C0262F} = {0B245935-C970-4EB5-B830-FCDF23566D0E}
		{0F3DA009-727F-49F3-AAC2-B9B07627EAF1} = {F15133E8-C4DF-4C53-BEE8-FB74C7BC1E08}
		{1A99144D-4CF5-438E-9C48-B9C535D9AFA8} = {F15133E8-C4DF-4C53-BEE8-FB74C7BC1E08}
	EndGlobalSection
EndGlobal
